
Microsoft Visual Studio Solution File, Format Version 12.00
# Visual Studio Express 2013 for Windows Desktop
VisualStudioVersion = 12.0.31101.0
MinimumVisualStudioVersion = 10.0.40219.1
Project("{8BC9CEB8-8B4A-11D0-8D11-00A0C91BC942}") = "SW_Server", "SW_Server.vcxproj", "{16127E89-7A6D-44B6-9AD2-50967B069A25}"
	ProjectSection(ProjectDependencies) = postProject
		{D362346F-2AB7-468C-B867-5F60B94EF2DE} = {D362346F-2AB7-468C-B867-5F60B94EF2DE}
	EndProjectSection
EndProject
Project("{8BC9CEB8-8B4A-11D0-8D11-00A0C91BC942}") = "SW", "..\SW\SW.vcxproj", "{D362346F-2AB7-468C-B867-5F60B94EF2DE}"
EndProject
Project("{8BC9CEB8-8B4A-11D0-8D11-00A0C91BC942}") = "SW_Client", "..\SW_Client\SW_Client.vcxproj", "{697D388F-8149-4EDB-98DD-B917FB3BBF79}"
	ProjectSection(ProjectDependencies) = postProject
		{D362346F-2AB7-468C-B867-5F60B94EF2DE} = {D362346F-2AB7-468C-B867-5F60B94EF2DE}
	EndProjectSection
EndProject
Global
	GlobalSection(SolutionConfigurationPlatforms) = preSolution
		Debug|Win32 = Debug|Win32
		Release|Win32 = Release|Win32
	EndGlobalSection
	GlobalSection(ProjectConfigurationPlatforms) = postSolution
		{16127E89-7A6D-44B6-9AD2-50967B069A25}.Debug|Win32.ActiveCfg = Debug|Win32
		{16127E89-7A6D-44B6-9AD2-50967B069A25}.Debug|Win32.Build.0 = Debug|Win32
		{16127E89-7A6D-44B6-9AD2-50967B069A25}.Release|Win32.ActiveCfg = Release|Win32
		{16127E89-7A6D-44B6-9AD2-50967B069A25}.Release|Win32.Build.0 = Release|Win32
		{D362346F-2AB7-468C-B867-5F60B94EF2DE}.Debug|Win32.ActiveCfg = Debug|Win32
		{D362346F-2AB7-468C-B867-5F60B94EF2DE}.Debug|Win32.Build.0 = Debug|Win32
		{D362346F-2AB7-468C-B867-5F60B94EF2DE}.Release|Win32.ActiveCfg = Release|Win32
		{D362346F-2AB7-468C-B867-5F60B94EF2DE}.Release|Win32.Build.0 = Release|Win32
		{697D388F-8149-4EDB-98DD-B917FB3BBF79}.Debug|Win32.ActiveCfg = Debug|Win32
		{697D388F-8149-4EDB-98DD-B917FB3BBF79}.Debug|Win32.Build.0 = Debug|Win32
		{697D388F-8149-4EDB-98DD-B917FB3BBF79}.Release|Win32.ActiveCfg = Release|Win32
		{697D388F-8149-4EDB-98DD-B917FB3BBF79}.Release|Win32.Build.0 = Release|Win32
	EndGlobalSection
	GlobalSection(SolutionProperties) = preSolution
		HideSolutionNode = FALSE
	EndGlobalSection
EndGlobal
